
Microsoft Visual Studio Solution File, Format Version 12.00
# Visual Studio Version 17
VisualStudioVersion = 17.10.35027.167
MinimumVisualStudioVersion = 10.0.40219.1
Project("{FAE04EC0-301F-11D3-BF4B-00C04F79EFBC}") = "WebApiDemo3_22_10", "WebApiDemo3_22_10\WebApiDemo3_22_10.csproj", "{7CC5EF22-DBC5-4825-B177-133A41529881}"
EndProject
Global
	GlobalSection(SolutionConfigurationPlatforms) = preSolution
		Debug|Any CPU = Debug|Any CPU
		Release|Any CPU = Release|Any CPU
	EndGlobalSection
	GlobalSection(ProjectConfigurationPlatforms) = postSolution
		{7CC5EF22-DBC5-4825-B177-133A41529881}.Debug|Any CPU.ActiveCfg = Debug|Any CPU
		{7CC5EF22-DBC5-4825-B177-133A41529881}.Debug|Any CPU.Build.0 = Debug|Any CPU
		{7CC5EF22-DBC5-4825-B177-133A41529881}.Release|Any CPU.ActiveCfg = Release|Any CPU
		{7CC5EF22-DBC5-4825-B177-133A41529881}.Release|Any CPU.Build.0 = Release|Any CPU
	EndGlobalSection
	GlobalSection(SolutionProperties) = preSolution
		HideSolutionNode = FALSE
	EndGlobalSection
	GlobalSection(ExtensibilityGlobals) = postSolution
		SolutionGuid = {691027A9-3F76-49B4-82E5-ECBF30AF517A}
	EndGlobalSection
EndGlobal
